
Microsoft Visual Studio Solution File, Format Version 12.00
# Visual Studio Version 17
VisualStudioVersion = 17.14.37027.9
MinimumVisualStudioVersion = 10.0.40219.1
Project("{2150E333-8FDC-42A3-9474-1A3956D46DE8}") = "01_WinApp", "01_WinApp", "{FCC68C86-4BEA-44B3-B649-0267C25F90C2}"
EndProject
Project("{FAE04EC0-301F-11D3-BF4B-00C04F79EFBC}") = "DACruxV5", "..\..\01_WinApp\DACruxV5\DACruxV5.csproj", "{FA65C896-528E-4A87-9B16-8C01D4242C8F}"
EndProject
Project("{2150E333-8FDC-42A3-9474-1A3956D46DE8}") = "02_DMS", "02_DMS", "{428BEECA-4AB9-461B-9E98-98667A9E9702}"
EndProject
Project("{2150E333-8FDC-42A3-9474-1A3956D46DE8}") = "00_Framework", "00_Framework", "{EBE6DDC6-E2C8-4A6B-8D51-EFC2A0FE504F}"
EndProject
Project("{2150E333-8FDC-42A3-9474-1A3956D46DE8}") = "03_Core", "03_Core", "{D44820F9-5C53-4DCE-90D1-DB4E9C38B098}"
EndProject
Project("{FAE04EC0-301F-11D3-BF4B-00C04F79EFBC}") = "DACrux.Framework", "..\..\06_CoreLibSource\DACrux.Framework\DACrux.Framework.csproj", "{178B4C07-961E-4CAF-8C83-FF6188923E7B}"
EndProject
Project("{FAE04EC0-301F-11D3-BF4B-00C04F79EFBC}") = "DACrux.Framework.Base", "..\..\06_CoreLibSource\DACrux.Framework.Base\DACrux.Framework.Base.csproj", "{E6E7F026-C24D-4B25-81FE-290BDA3D4AEB}"
EndProject
Project("{FAE04EC0-301F-11D3-BF4B-00C04F79EFBC}") = "DACrux.Framework.BSL", "..\..\06_CoreLibSource\DACrux.Framework.BSL\DACrux.Framework.BSL.csproj", "{C4065D50-E57F-4A43-8F72-57751619957B}"
EndProject
Project("{FAE04EC0-301F-11D3-BF4B-00C04F79EFBC}") = "DACrux.Framework.Controls", "..\..\06_CoreLibSource\DACrux.Framework.Controls\DACrux.Framework.Controls.csproj", "{0CDDB391-0A29-4850-9198-C529509DA64F}"
EndProject
Project("{FAE04EC0-301F-11D3-BF4B-00C04F79EFBC}") = "DACrux.Framework.DSL", "..\..\06_CoreLibSource\DACrux.Framework.DSL\DACrux.Framework.DSL.csproj", "{2FF2ACA6-0723-4783-A466-B40156D6AC2A}"
EndProject
Project("{FAE04EC0-301F-11D3-BF4B-00C04F79EFBC}") = "DACrux.Framework.Interface", "..\..\06_CoreLibSource\DACrux.Framework.Interface\DACrux.Framework.Interface.csproj", "{636E5325-AF9E-4C53-B14F-093638CE695D}"
EndProject
Project("{FAE04EC0-301F-11D3-BF4B-00C04F79EFBC}") = "DACrux.Framework.RO", "..\..\06_CoreLibSource\DACrux.Framework.RO\DACrux.Framework.RO.csproj", "{E34A0690-0C47-4CEA-8740-7DA4EAACAC21}"
EndProject
Project("{FAE04EC0-301F-11D3-BF4B-00C04F79EFBC}") = "DACrux.Framework.Service", "..\..\06_CoreLibSource\DACrux.Framework.Service\DACrux.Framework.Service.csproj", "{58A5C03B-9BEF-4CE5-866A-A8C069BA28AC}"
EndProject
Project("{FAE04EC0-301F-11D3-BF4B-00C04F79EFBC}") = "DACrux.SEMDMS.BSL", "..\..\02_DMS\DACrux.SEMDMS.BSL\DACrux.SEMDMS.BSL.csproj", "{625B75B9-9DEC-4BB5-9644-893375EDE46D}"
EndProject
Project("{FAE04EC0-301F-11D3-BF4B-00C04F79EFBC}") = "DACrux.SEMDMS.Control", "..\..\02_DMS\DACrux.SEMDMS.Control\DACrux.SEMDMS.Control.csproj", "{C9B0F7D0-E636-42EC-909A-44F0565C735A}"
EndProject
Project("{FAE04EC0-301F-11D3-BF4B-00C04F79EFBC}") = "DACrux.SEMDMS.DSL", "..\..\02_DMS\DACrux.SEMDMS.DSL\DACrux.SEMDMS.DSL.csproj", "{DAA12975-5F3F-4B7F-870C-C95E36F21FD1}"
EndProject
Project("{FAE04EC0-301F-11D3-BF4B-00C04F79EFBC}") = "DACrux.SEMDMS.ENGUI", "..\..\02_DMS\DACrux.SEMDMS.ENGUI\DACrux.SEMDMS.ENGUI.csproj", "{EE34AC74-5A6C-4E9F-B0D3-F8F0613DD073}"
EndProject
Project("{FAE04EC0-301F-11D3-BF4B-00C04F79EFBC}") = "DACrux.SEMDMS.Interface", "..\..\02_DMS\DACrux.SEMDMS.Interface\DACrux.SEMDMS.Interface.csproj", "{21875FB0-5B25-45E6-834D-72B4949B49F6}"
EndProject
Project("{FAE04EC0-301F-11D3-BF4B-00C04F79EFBC}") = "DACrux.SEMDMS.RO", "..\..\02_DMS\DACrux.SEMDMS.RO\DACrux.SEMDMS.RO.csproj", "{B3DE56DD-3EC4-4359-BDA2-2F3289699C8B}"
EndProject
Project("{FAE04EC0-301F-11D3-BF4B-00C04F79EFBC}") = "DACrux.SEMDMS.Service", "..\..\02_DMS\DACrux.SEMDMS.Service\DACrux.SEMDMS.Service.csproj", "{CF3E6119-F1AD-4448-9299-EF968F422B25}"
EndProject
Project("{FAE04EC0-301F-11D3-BF4B-00C04F79EFBC}") = "DACrux.Base", "..\..\06_CoreLibSource\DACrux.Base\DACrux.Base.csproj", "{EBEDC52F-2DE6-45EB-9E37-805FC298A0ED}"
EndProject
Project("{FAE04EC0-301F-11D3-BF4B-00C04F79EFBC}") = "DACrux.Map.WaferChart", "..\..\06_CoreLibSource\DACrux.Map.WaferChart\DACrux.Map.WaferChart.csproj", "{29407F91-D661-45D3-9EB8-9FF0F74B712F}"
EndProject
Project("{FAE04EC0-301F-11D3-BF4B-00C04F79EFBC}") = "DACrux.Utility", "..\..\06_CoreLibSource\DACrux.Utility\DACrux.Utility.csproj", "{CE3BFF6D-E027-4833-B8C3-28B0DB081390}"
EndProject
Project("{2150E333-8FDC-42A3-9474-1A3956D46DE8}") = "04_TEST", "04_TEST", "{E3307AFA-BFA7-4728-947A-2F790DC40306}"
EndProject
Project("{FAE04EC0-301F-11D3-BF4B-00C04F79EFBC}") = "DACrux.TEST.BSL", "..\..\09_TEST\DACrux.TEST.BSL\DACrux.TEST.BSL.csproj", "{EF396296-6E9D-48F1-8B74-B7918BA1389A}"
EndProject
Project("{FAE04EC0-301F-11D3-BF4B-00C04F79EFBC}") = "DACrux.TEST.Control", "..\..\09_TEST\DACrux.TEST.Control\DACrux.TEST.Control.csproj", "{B3ED24CA-1B2C-401B-ACB7-EBBEBA502E2F}"
EndProject
Project("{FAE04EC0-301F-11D3-BF4B-00C04F79EFBC}") = "DACrux.TEST.DSL", "..\..\09_TEST\DACrux.TEST.DSL\DACrux.TEST.DSL.csproj", "{E3DE4096-AB0A-4E08-A95A-0E363F990F65}"
EndProject
Project("{FAE04EC0-301F-11D3-BF4B-00C04F79EFBC}") = "DACrux.TEST.ENGUI", "..\..\09_TEST\DACrux.TEST.ENGUI\DACrux.TEST.ENGUI.csproj", "{1579A88B-4AEE-41A7-8646-DAFF80567A56}"
EndProject
Project("{FAE04EC0-301F-11D3-BF4B-00C04F79EFBC}") = "DACrux.TEST.Interface", "..\..\09_TEST\DACrux.TEST.Interface\DACrux.TEST.Interface.csproj", "{DEF8C916-8445-4FA5-B18B-4AA0F3D0ECB0}"
EndProject
Project("{FAE04EC0-301F-11D3-BF4B-00C04F79EFBC}") = "DACrux.TEST.Service", "..\..\09_TEST\DACrux.TEST.Service\DACrux.TEST.Service.csproj", "{AF2B536B-9191-4B7F-A132-46A11502AC1E}"
EndProject
Project("{FAE04EC0-301F-11D3-BF4B-00C04F79EFBC}") = "DACrux.TEST.RO", "..\..\09_TEST\DACrux.TEST.RO\DACrux.TEST.RO.csproj", "{E1AC51DC-7074-45B4-BD2B-92343BC69411}"
EndProject
Project("{FAE04EC0-301F-11D3-BF4B-00C04F79EFBC}") = "DACrux.Map", "..\..\06_CoreLibSource\DACrux.Map\DACrux.Map.csproj", "{7DE5B98B-E6CF-4E1D-8CC3-D88D2B0F9454}"
EndProject
Project("{FAE04EC0-301F-11D3-BF4B-00C04F79EFBC}") = "DACrux.Data.Parser", "..\..\06_CoreLibSource\DACrux.Data.Parser\DACrux.Data.Parser.csproj", "{74090ED2-64BC-45D4-9048-D561EA147A78}"
EndProject
Project("{FAE04EC0-301F-11D3-BF4B-00C04F79EFBC}") = "DACrux.Data.Handler", "..\..\06_CoreLibSource\DACrux.Data.Handler\DACrux.Data.Handler.csproj", "{AD7EB035-BE84-44A0-91E8-D75D7517617D}"
EndProject
Project("{FAE04EC0-301F-11D3-BF4B-00C04F79EFBC}") = "DACrux.FPDMap", "..\..\06_CoreLibSource\DACrux.FPDMap\DACrux.FPDMap.csproj", "{153EAAEC-FEF8-4330-A0F9-8BF1D8577411}"
EndProject
Project("{FAE04EC0-301F-11D3-BF4B-00C04F79EFBC}") = "DACrux.Common.BSL", "..\..\06_CoreLibSource\DACrux.Common.BSL\DACrux.Common.BSL.csproj", "{B0E5B50A-DF9A-4BF1-ACDC-F345CB0BC43F}"
EndProject
Project("{FAE04EC0-301F-11D3-BF4B-00C04F79EFBC}") = "DACrux.Common.DSL", "..\..\06_CoreLibSource\DACrux.Common.DSL\DACrux.Common.DSL.csproj", "{9FC00D33-5582-491E-87DC-E2D7F1095144}"
EndProject
Project("{FAE04EC0-301F-11D3-BF4B-00C04F79EFBC}") = "DACrux.Common.RO", "..\..\06_CoreLibSource\DACrux.Common.RO\DACrux.Common.RO.csproj", "{46A137A3-7FE3-476D-B2C4-0ED113DB4378}"
EndProject
Project("{FAE04EC0-301F-11D3-BF4B-00C04F79EFBC}") = "DACrux.Common.Setup", "..\..\06_CoreLibSource\DACrux.Common.Setup\DACrux.Common.Setup.csproj", "{D70179B9-FC65-4CE9-A31A-FA5822DA9DFF}"
EndProject
Project("{FAE04EC0-301F-11D3-BF4B-00C04F79EFBC}") = "DACrux.Common.Interface", "..\..\06_CoreLibSource\DACrux.Common.Interface\DACrux.Common.Interface.csproj", "{6427C15D-18C9-4123-A289-B9BA75D32348}"
EndProject
Project("{FAE04EC0-301F-11D3-BF4B-00C04F79EFBC}") = "DACrux.SEMDMS.TFF2KLA", "..\..\02_DMS\DACrux.SEMDMS.TFF2KLA\DACrux.SEMDMS.TFF2KLA.csproj", "{5C8089C4-5AEC-41BD-9C4F-B6CFBBEEE2B9}"
EndProject
Project("{FAE04EC0-301F-11D3-BF4B-00C04F79EFBC}") = "DACrux.Framework.Server", "..\..\06_CoreLibSource\DACrux.Framework.Server\DACrux.Framework.Server.csproj", "{DDD104A9-2320-4FEB-B2D7-3C275039581C}"
EndProject
Project("{FAE04EC0-301F-11D3-BF4B-00C04F79EFBC}") = "DACrux.SEMDMS.Inspection.DataService", "..\..\02_DMS\DACrux.SEMDMS.Inspection.DataService\DACrux.SEMDMS.Inspection.DataService.csproj", "{211B7683-C357-42C7-9874-68632C38F686}"
EndProject
Project("{FAE04EC0-301F-11D3-BF4B-00C04F79EFBC}") = "DACrux.TEST.CP.DataService", "..\..\09_TEST\DACrux.TEST.CP.DataService\DACrux.TEST.CP.DataService.csproj", "{DC5CD8FF-42C5-4B61-858D-0343234A1388}"
EndProject
Project("{FAE04EC0-301F-11D3-BF4B-00C04F79EFBC}") = "DACrux.TEST.AVI.DataService", "..\..\09_TEST\DACrux.TEST.AVI.DataService\DACrux.TEST.AVI.DataService.csproj", "{3B77E3D2-6342-48C5-9E99-ACEE95C3A97F}"
EndProject
Project("{FAE04EC0-301F-11D3-BF4B-00C04F79EFBC}") = "DACrux.Common.VideoCapture", "..\..\06_CoreLibSource\DACrux.Common.VideoCapture\DACrux.Common.VideoCapture.csproj", "{CD82C23C-C976-4E9D-A08A-ABC27F900B41}"
EndProject
Project("{FAE04EC0-301F-11D3-BF4B-00C04F79EFBC}") = "DACrux.SP.Common", "..\..\06_CoreLibSource\DACrux.SP.Common\DACrux.SP.Common.csproj", "{C69F38AC-4444-4145-BDC4-42ADFECEC1EB}"
EndProject
Project("{FAE04EC0-301F-11D3-BF4B-00C04F79EFBC}") = "DACrux.TEST.PCM.DataService", "..\..\09_TEST\DACrux.TEST.PCM.DataService\DACrux.TEST.PCM.DataService.csproj", "{F81F3AD4-6C3B-4746-B8AE-36EE6DD5CEA5}"
EndProject
Project("{FAE04EC0-301F-11D3-BF4B-00C04F79EFBC}") = "DACrux.SEMDMS.Review.DataService", "..\..\02_DMS\DACrux.SEMDMS.Review.DataService\DACrux.SEMDMS.Review.DataService.csproj", "{E04C071C-121E-4C19-B374-1CB8ABA0A7F7}"
EndProject
Project("{FAE04EC0-301F-11D3-BF4B-00C04F79EFBC}") = "DACrux.SEMDMS.Inspection.PreConvertingService", "..\..\02_DMS\DACrux.SEMDMS.Inspection.PreConvertingService\DACrux.SEMDMS.Inspection.PreConvertingService.csproj", "{7667C337-BA1F-48FA-8496-0A7CBFFDBFCC}"
EndProject
Project("{FAE04EC0-301F-11D3-BF4B-00C04F79EFBC}") = "DACrux.TEST.PCM.StatusService", "..\..\09_TEST\DACrux.TEST.PCM.StatusService\DACrux.TEST.PCM.StatusService.csproj", "{0DC1B1C1-CCB8-4737-A507-C4CB97B01899}"
EndProject
Project("{FAE04EC0-301F-11D3-BF4B-00C04F79EFBC}") = "DACrux.RPNet.Service", "..\..\09_TEST\DACrux.RPNet.Service\DACrux.RPNet.Service.csproj", "{18D9BB47-ACDE-4239-BAAE-0C27D4712116}"
EndProject
Project("{FAE04EC0-301F-11D3-BF4B-00C04F79EFBC}") = "DACrux.RPNet.BSL", "..\..\09_TEST\DACrux.RPNet.BSL\DACrux.RPNet.BSL.csproj", "{CBA750DB-7418-4319-BFF8-54BB324FD111}"
EndProject
Project("{FAE04EC0-301F-11D3-BF4B-00C04F79EFBC}") = "DACrux.RPNet.DSL", "..\..\09_TEST\DACrux.RPNet.DSL\DACrux.RPNet.DSL.csproj", "{811A7A89-788E-4D3C-B561-A734E94EC0DF}"
EndProject
Project("{2150E333-8FDC-42A3-9474-1A3956D46DE8}") = "05_RPNet", "05_RPNet", "{3096E093-C8D3-4397-9DED-38CDB68D8C76}"
EndProject
Project("{2150E333-8FDC-42A3-9474-1A3956D46DE8}") = "03_STAT", "03_STAT", "{C8D5274F-AC00-46C7-1F8D-E88E81087A52}"
EndProject
Project("{FAE04EC0-301F-11D3-BF4B-00C04F79EFBC}") = "DACrux.ProjectManager", "..\..\03_STAT\DACrux.ProjectManager\DACrux.ProjectManager.csproj", "{0AB12528-A26B-4D41-A24F-B0DEE4AB676B}"
EndProject
Project("{FAE04EC0-301F-11D3-BF4B-00C04F79EFBC}") = "DACrux.ProjectManager.UI", "..\..\03_STAT\DACrux.ProjectManager.UI\DACrux.ProjectManager.UI.csproj", "{72020EB8-BC7A-4A89-86F7-E731B808B344}"
EndProject
Project("{2150E333-8FDC-42A3-9474-1A3956D46DE8}") = "06_GDS", "06_GDS", "{9F8B164B-0F72-4D21-BC31-A80B08BA0D59}"
EndProject
Project("{FAE04EC0-301F-11D3-BF4B-00C04F79EFBC}") = "NexplantQMS.GdsMap", "..\..\..\GdsMapControl\NexplantQMS.GdsMap.csproj", "{393FF757-F840-4205-B983-6788698C499B}"
EndProject
Global
	GlobalSection(SolutionConfigurationPlatforms) = preSolution
		Debug|Any CPU = Debug|Any CPU
		Release|Any CPU = Release|Any CPU
	EndGlobalSection
	GlobalSection(ProjectConfigurationPlatforms) = postSolution
		{FA65C896-528E-4A87-9B16-8C01D4242C8F}.Debug|Any CPU.ActiveCfg = Debug|Any CPU
		{FA65C896-528E-4A87-9B16-8C01D4242C8F}.Debug|Any CPU.Build.0 = Debug|Any CPU
		{FA65C896-528E-4A87-9B16-8C01D4242C8F}.Release|Any CPU.ActiveCfg = Release|Any CPU
		{FA65C896-528E-4A87-9B16-8C01D4242C8F}.Release|Any CPU.Build.0 = Release|Any CPU
		{178B4C07-961E-4CAF-8C83-FF6188923E7B}.Debug|Any CPU.ActiveCfg = Debug|Any CPU
		{178B4C07-961E-4CAF-8C83-FF6188923E7B}.Debug|Any CPU.Build.0 = Debug|Any CPU
		{178B4C07-961E-4CAF-8C83-FF6188923E7B}.Release|Any CPU.ActiveCfg = Release|Any CPU
		{178B4C07-961E-4CAF-8C83-FF6188923E7B}.Release|Any CPU.Build.0 = Release|Any CPU
		{E6E7F026-C24D-4B25-81FE-290BDA3D4AEB}.Debug|Any CPU.ActiveCfg = Debug|Any CPU
		{E6E7F026-C24D-4B25-81FE-290BDA3D4AEB}.Debug|Any CPU.Build.0 = Debug|Any CPU
		{E6E7F026-C24D-4B25-81FE-290BDA3D4AEB}.Release|Any CPU.ActiveCfg = Release|Any CPU
		{E6E7F026-C24D-4B25-81FE-290BDA3D4AEB}.Release|Any CPU.Build.0 = Release|Any CPU
		{C4065D50-E57F-4A43-8F72-57751619957B}.Debug|Any CPU.ActiveCfg = Debug|Any CPU
		{C4065D50-E57F-4A43-8F72-57751619957B}.Debug|Any CPU.Build.0 = Debug|Any CPU
		{C4065D50-E57F-4A43-8F72-57751619957B}.Release|Any CPU.ActiveCfg = Release|Any CPU
		{C4065D50-E57F-4A43-8F72-57751619957B}.Release|Any CPU.Build.0 = Release|Any CPU
		{0CDDB391-0A29-4850-9198-C529509DA64F}.Debug|Any CPU.ActiveCfg = Debug|Any CPU
		{0CDDB391-0A29-4850-9198-C529509DA64F}.Debug|Any CPU.Build.0 = Debug|Any CPU
		{0CDDB391-0A29-4850-9198-C529509DA64F}.Release|Any CPU.ActiveCfg = Release|Any CPU
		{0CDDB391-0A29-4850-9198-C529509DA64F}.Release|Any CPU.Build.0 = Release|Any CPU
		{2FF2ACA6-0723-4783-A466-B40156D6AC2A}.Debug|Any CPU.ActiveCfg = Debug|Any CPU
		{2FF2ACA6-0723-4783-A466-B40156D6AC2A}.Debug|Any CPU.Build.0 = Debug|Any CPU
		{2FF2ACA6-0723-4783-A466-B40156D6AC2A}.Release|Any CPU.ActiveCfg = Release|Any CPU
		{2FF2ACA6-0723-4783-A466-B40156D6AC2A}.Release|Any CPU.Build.0 = Release|Any CPU
		{636E5325-AF9E-4C53-B14F-093638CE695D}.Debug|Any CPU.ActiveCfg = Debug|Any CPU
		{636E5325-AF9E-4C53-B14F-093638CE695D}.Debug|Any CPU.Build.0 = Debug|Any CPU
		{636E5325-AF9E-4C53-B14F-093638CE695D}.Release|Any CPU.ActiveCfg = Release|Any CPU
		{636E5325-AF9E-4C53-B14F-093638CE695D}.Release|Any CPU.Build.0 = Release|Any CPU
		{E34A0690-0C47-4CEA-8740-7DA4EAACAC21}.Debug|Any CPU.ActiveCfg = Debug|Any CPU
		{E34A0690-0C47-4CEA-8740-7DA4EAACAC21}.Debug|Any CPU.Build.0 = Debug|Any CPU
		{E34A0690-0C47-4CEA-8740-7DA4EAACAC21}.Release|Any CPU.ActiveCfg = Release|Any CPU
		{E34A0690-0C47-4CEA-8740-7DA4EAACAC21}.Release|Any CPU.Build.0 = Release|Any CPU
		{58A5C03B-9BEF-4CE5-866A-A8C069BA28AC}.Debug|Any CPU.ActiveCfg = Debug|Any CPU
		{58A5C03B-9BEF-4CE5-866A-A8C069BA28AC}.Debug|Any CPU.Build.0 = Debug|Any CPU
		{58A5C03B-9BEF-4CE5-866A-A8C069BA28AC}.Release|Any CPU.ActiveCfg = Release|Any CPU
		{58A5C03B-9BEF-4CE5-866A-A8C069BA28AC}.Release|Any CPU.Build.0 = Release|Any CPU
		{625B75B9-9DEC-4BB5-9644-893375EDE46D}.Debug|Any CPU.ActiveCfg = Debug|Any CPU
		{625B75B9-9DEC-4BB5-9644-893375EDE46D}.Debug|Any CPU.Build.0 = Debug|Any CPU
		{625B75B9-9DEC-4BB5-9644-893375EDE46D}.Release|Any CPU.ActiveCfg = Release|Any CPU
		{625B75B9-9DEC-4BB5-9644-893375EDE46D}.Release|Any CPU.Build.0 = Release|Any CPU
		{C9B0F7D0-E636-42EC-909A-44F0565C735A}.Debug|Any CPU.ActiveCfg = Debug|Any CPU
		{C9B0F7D0-E636-42EC-909A-44F0565C735A}.Debug|Any CPU.Build.0 = Debug|Any CPU
		{C9B0F7D0-E636-42EC-909A-44F0565C735A}.Release|Any CPU.ActiveCfg = Release|Any CPU
		{C9B0F7D0-E636-42EC-909A-44F0565C735A}.Release|Any CPU.Build.0 = Release|Any CPU
		{DAA12975-5F3F-4B7F-870C-C95E36F21FD1}.Debug|Any CPU.ActiveCfg = Debug|Any CPU
		{DAA12975-5F3F-4B7F-870C-C95E36F21FD1}.Debug|Any CPU.Build.0 = Debug|Any CPU
		{DAA12975-5F3F-4B7F-870C-C95E36F21FD1}.Release|Any CPU.ActiveCfg = Release|Any CPU
		{DAA12975-5F3F-4B7F-870C-C95E36F21FD1}.Release|Any CPU.Build.0 = Release|Any CPU
		{EE34AC74-5A6C-4E9F-B0D3-F8F0613DD073}.Debug|Any CPU.ActiveCfg = Debug|Any CPU
		{EE34AC74-5A6C-4E9F-B0D3-F8F0613DD073}.Debug|Any CPU.Build.0 = Debug|Any CPU
		{EE34AC74-5A6C-4E9F-B0D3-F8F0613DD073}.Release|Any CPU.ActiveCfg = Release|Any CPU
		{EE34AC74-5A6C-4E9F-B0D3-F8F0613DD073}.Release|Any CPU.Build.0 = Release|Any CPU
		{21875FB0-5B25-45E6-834D-72B4949B49F6}.Debug|Any CPU.ActiveCfg = Debug|Any CPU
		{21875FB0-5B25-45E6-834D-72B4949B49F6}.Debug|Any CPU.Build.0 = Debug|Any CPU
		{21875FB0-5B25-45E6-834D-72B4949B49F6}.Release|Any CPU.ActiveCfg = Release|Any CPU
		{21875FB0-5B25-45E6-834D-72B4949B49F6}.Release|Any CPU.Build.0 = Release|Any CPU
		{B3DE56DD-3EC4-4359-BDA2-2F3289699C8B}.Debug|Any CPU.ActiveCfg = Debug|Any CPU
		{B3DE56DD-3EC4-4359-BDA2-2F3289699C8B}.Debug|Any CPU.Build.0 = Debug|Any CPU
		{B3DE56DD-3EC4-4359-BDA2-2F3289699C8B}.Release|Any CPU.ActiveCfg = Release|Any CPU
		{B3DE56DD-3EC4-4359-BDA2-2F3289699C8B}.Release|Any CPU.Build.0 = Release|Any CPU
		{CF3E6119-F1AD-4448-9299-EF968F422B25}.Debug|Any CPU.ActiveCfg = Debug|Any CPU
		{CF3E6119-F1AD-4448-9299-EF968F422B25}.Debug|Any CPU.Build.0 = Debug|Any CPU
		{CF3E6119-F1AD-4448-9299-EF968F422B25}.Release|Any CPU.ActiveCfg = Release|Any CPU
		{CF3E6119-F1AD-4448-9299-EF968F422B25}.Release|Any CPU.Build.0 = Release|Any CPU
		{EBEDC52F-2DE6-45EB-9E37-805FC298A0ED}.Debug|Any CPU.ActiveCfg = Debug|Any CPU
		{EBEDC52F-2DE6-45EB-9E37-805FC298A0ED}.Debug|Any CPU.Build.0 = Debug|Any CPU
		{EBEDC52F-2DE6-45EB-9E37-805FC298A0ED}.Release|Any CPU.ActiveCfg = Release|Any CPU
		{EBEDC52F-2DE6-45EB-9E37-805FC298A0ED}.Release|Any CPU.Build.0 = Release|Any CPU
		{29407F91-D661-45D3-9EB8-9FF0F74B712F}.Debug|Any CPU.ActiveCfg = Debug|Any CPU
		{29407F91-D661-45D3-9EB8-9FF0F74B712F}.Debug|Any CPU.Build.0 = Debug|Any CPU
		{29407F91-D661-45D3-9EB8-9FF0F74B712F}.Release|Any CPU.ActiveCfg = Release|Any CPU
		{29407F91-D661-45D3-9EB8-9FF0F74B712F}.Release|Any CPU.Build.0 = Release|Any CPU
		{CE3BFF6D-E027-4833-B8C3-28B0DB081390}.Debug|Any CPU.ActiveCfg = Debug|Any CPU
		{CE3BFF6D-E027-4833-B8C3-28B0DB081390}.Debug|Any CPU.Build.0 = Debug|Any CPU
		{CE3BFF6D-E027-4833-B8C3-28B0DB081390}.Release|Any CPU.ActiveCfg = Release|Any CPU
		{CE3BFF6D-E027-4833-B8C3-28B0DB081390}.Release|Any CPU.Build.0 = Release|Any CPU
		{EF396296-6E9D-48F1-8B74-B7918BA1389A}.Debug|Any CPU.ActiveCfg = Debug|Any CPU
		{EF396296-6E9D-48F1-8B74-B7918BA1389A}.Debug|Any CPU.Build.0 = Debug|Any CPU
		{EF396296-6E9D-48F1-8B74-B7918BA1389A}.Release|Any CPU.ActiveCfg = Release|Any CPU
		{EF396296-6E9D-48F1-8B74-B7918BA1389A}.Release|Any CPU.Build.0 = Release|Any CPU
		{B3ED24CA-1B2C-401B-ACB7-EBBEBA502E2F}.Debug|Any CPU.ActiveCfg = Debug|Any CPU
		{B3ED24CA-1B2C-401B-ACB7-EBBEBA502E2F}.Debug|Any CPU.Build.0 = Debug|Any CPU
		{B3ED24CA-1B2C-401B-ACB7-EBBEBA502E2F}.Release|Any CPU.ActiveCfg = Release|Any CPU
		{B3ED24CA-1B2C-401B-ACB7-EBBEBA502E2F}.Release|Any CPU.Build.0 = Release|Any CPU
		{E3DE4096-AB0A-4E08-A95A-0E363F990F65}.Debug|Any CPU.ActiveCfg = Debug|Any CPU
		{E3DE4096-AB0A-4E08-A95A-0E363F990F65}.Debug|Any CPU.Build.0 = Debug|Any CPU
		{E3DE4096-AB0A-4E08-A95A-0E363F990F65}.Release|Any CPU.ActiveCfg = Release|Any CPU
		{E3DE4096-AB0A-4E08-A95A-0E363F990F65}.Release|Any CPU.Build.0 = Release|Any CPU
		{1579A88B-4AEE-41A7-8646-DAFF80567A56}.Debug|Any CPU.ActiveCfg = Debug|Any CPU
		{1579A88B-4AEE-41A7-8646-DAFF80567A56}.Debug|Any CPU.Build.0 = Debug|Any CPU
		{1579A88B-4AEE-41A7-8646-DAFF80567A56}.Release|Any CPU.ActiveCfg = Release|Any CPU
		{1579A88B-4AEE-41A7-8646-DAFF80567A56}.Release|Any CPU.Build.0 = Release|Any CPU
		{DEF8C916-8445-4FA5-B18B-4AA0F3D0ECB0}.Debug|Any CPU.ActiveCfg = Debug|Any CPU
		{DEF8C916-8445-4FA5-B18B-4AA0F3D0ECB0}.Debug|Any CPU.Build.0 = Debug|Any CPU
		{DEF8C916-8445-4FA5-B18B-4AA0F3D0ECB0}.Release|Any CPU.ActiveCfg = Release|Any CPU
		{DEF8C916-8445-4FA5-B18B-4AA0F3D0ECB0}.Release|Any CPU.Build.0 = Release|Any CPU
		{AF2B536B-9191-4B7F-A132-46A11502AC1E}.Debug|Any CPU.ActiveCfg = Debug|Any CPU
		{AF2B536B-9191-4B7F-A132-46A11502AC1E}.Debug|Any CPU.Build.0 = Debug|Any CPU
		{AF2B536B-9191-4B7F-A132-46A11502AC1E}.Release|Any CPU.ActiveCfg = Release|Any CPU
		{AF2B536B-9191-4B7F-A132-46A11502AC1E}.Release|Any CPU.Build.0 = Release|Any CPU
		{E1AC51DC-7074-45B4-BD2B-92343BC69411}.Debug|Any CPU.ActiveCfg = Debug|Any CPU
		{E1AC51DC-7074-45B4-BD2B-92343BC69411}.Debug|Any CPU.Build.0 = Debug|Any CPU
		{E1AC51DC-7074-45B4-BD2B-92343BC69411}.Release|Any CPU.ActiveCfg = Release|Any CPU
		{E1AC51DC-7074-45B4-BD2B-92343BC69411}.Release|Any CPU.Build.0 = Release|Any CPU
		{7DE5B98B-E6CF-4E1D-8CC3-D88D2B0F9454}.Debug|Any CPU.ActiveCfg = Debug|Any CPU
		{7DE5B98B-E6CF-4E1D-8CC3-D88D2B0F9454}.Debug|Any CPU.Build.0 = Debug|Any CPU
		{7DE5B98B-E6CF-4E1D-8CC3-D88D2B0F9454}.Release|Any CPU.ActiveCfg = Release|Any CPU
		{7DE5B98B-E6CF-4E1D-8CC3-D88D2B0F9454}.Release|Any CPU.Build.0 = Release|Any CPU
		{74090ED2-64BC-45D4-9048-D561EA147A78}.Debug|Any CPU.ActiveCfg = Debug|Any CPU
		{74090ED2-64BC-45D4-9048-D561EA147A78}.Debug|Any CPU.Build.0 = Debug|Any CPU
		{74090ED2-64BC-45D4-9048-D561EA147A78}.Release|Any CPU.ActiveCfg = Release|Any CPU
		{74090ED2-64BC-45D4-9048-D561EA147A78}.Release|Any CPU.Build.0 = Release|Any CPU
		{AD7EB035-BE84-44A0-91E8-D75D7517617D}.Debug|Any CPU.ActiveCfg = Debug|Any CPU
		{AD7EB035-BE84-44A0-91E8-D75D7517617D}.Debug|Any CPU.Build.0 = Debug|Any CPU
		{AD7EB035-BE84-44A0-91E8-D75D7517617D}.Release|Any CPU.ActiveCfg = Release|Any CPU
		{AD7EB035-BE84-44A0-91E8-D75D7517617D}.Release|Any CPU.Build.0 = Release|Any CPU
		{153EAAEC-FEF8-4330-A0F9-8BF1D8577411}.Debug|Any CPU.ActiveCfg = Debug|Any CPU
		{153EAAEC-FEF8-4330-A0F9-8BF1D8577411}.Debug|Any CPU.Build.0 = Debug|Any CPU
		{153EAAEC-FEF8-4330-A0F9-8BF1D8577411}.Release|Any CPU.ActiveCfg = Release|Any CPU
		{153EAAEC-FEF8-4330-A0F9-8BF1D8577411}.Release|Any CPU.Build.0 = Release|Any CPU
		{B0E5B50A-DF9A-4BF1-ACDC-F345CB0BC43F}.Debug|Any CPU.ActiveCfg = Debug|Any CPU
		{B0E5B50A-DF9A-4BF1-ACDC-F345CB0BC43F}.Debug|Any CPU.Build.0 = Debug|Any CPU
		{B0E5B50A-DF9A-4BF1-ACDC-F345CB0BC43F}.Release|Any CPU.ActiveCfg = Release|Any CPU
		{B0E5B50A-DF9A-4BF1-ACDC-F345CB0BC43F}.Release|Any CPU.Build.0 = Release|Any CPU
		{9FC00D33-5582-491E-87DC-E2D7F1095144}.Debug|Any CPU.ActiveCfg = Debug|Any CPU
		{9FC00D33-5582-491E-87DC-E2D7F1095144}.Debug|Any CPU.Build.0 = Debug|Any CPU
		{9FC00D33-5582-491E-87DC-E2D7F1095144}.Release|Any CPU.ActiveCfg = Release|Any CPU
		{9FC00D33-5582-491E-87DC-E2D7F1095144}.Release|Any CPU.Build.0 = Release|Any CPU
		{46A137A3-7FE3-476D-B2C4-0ED113DB4378}.Debug|Any CPU.ActiveCfg = Debug|Any CPU
		{46A137A3-7FE3-476D-B2C4-0ED113DB4378}.Debug|Any CPU.Build.0 = Debug|Any CPU
		{46A137A3-7FE3-476D-B2C4-0ED113DB4378}.Release|Any CPU.ActiveCfg = Release|Any CPU
		{46A137A3-7FE3-476D-B2C4-0ED113DB4378}.Release|Any CPU.Build.0 = Release|Any CPU
		{D70179B9-FC65-4CE9-A31A-FA5822DA9DFF}.Debug|Any CPU.ActiveCfg = Debug|Any CPU
		{D70179B9-FC65-4CE9-A31A-FA5822DA9DFF}.Debug|Any CPU.Build.0 = Debug|Any CPU
		{D70179B9-FC65-4CE9-A31A-FA5822DA9DFF}.Release|Any CPU.ActiveCfg = Release|Any CPU
		{D70179B9-FC65-4CE9-A31A-FA5822DA9DFF}.Release|Any CPU.Build.0 = Release|Any CPU
		{6427C15D-18C9-4123-A289-B9BA75D32348}.Debug|Any CPU.ActiveCfg = Debug|Any CPU
		{6427C15D-18C9-4123-A289-B9BA75D32348}.Debug|Any CPU.Build.0 = Debug|Any CPU
		{6427C15D-18C9-4123-A289-B9BA75D32348}.Release|Any CPU.ActiveCfg = Release|Any CPU
		{6427C15D-18C9-4123-A289-B9BA75D32348}.Release|Any CPU.Build.0 = Release|Any CPU
		{5C8089C4-5AEC-41BD-9C4F-B6CFBBEEE2B9}.Debug|Any CPU.ActiveCfg = Debug|Any CPU
		{5C8089C4-5AEC-41BD-9C4F-B6CFBBEEE2B9}.Release|Any CPU.ActiveCfg = Release|Any CPU
		{5C8089C4-5AEC-41BD-9C4F-B6CFBBEEE2B9}.Release|Any CPU.Build.0 = Release|Any CPU
		{DDD104A9-2320-4FEB-B2D7-3C275039581C}.Debug|Any CPU.ActiveCfg = Debug|Any CPU
		{DDD104A9-2320-4FEB-B2D7-3C275039581C}.Debug|Any CPU.Build.0 = Debug|Any CPU
		{DDD104A9-2320-4FEB-B2D7-3C275039581C}.Release|Any CPU.ActiveCfg = Release|Any CPU
		{DDD104A9-2320-4FEB-B2D7-3C275039581C}.Release|Any CPU.Build.0 = Release|Any CPU
		{211B7683-C357-42C7-9874-68632C38F686}.Debug|Any CPU.ActiveCfg = Debug|Any CPU
		{211B7683-C357-42C7-9874-68632C38F686}.Debug|Any CPU.Build.0 = Debug|Any CPU
		{211B7683-C357-42C7-9874-68632C38F686}.Release|Any CPU.ActiveCfg = Release|Any CPU
		{211B7683-C357-42C7-9874-68632C38F686}.Release|Any CPU.Build.0 = Release|Any CPU
		{DC5CD8FF-42C5-4B61-858D-0343234A1388}.Debug|Any CPU.ActiveCfg = Debug|Any CPU
		{DC5CD8FF-42C5-4B61-858D-0343234A1388}.Debug|Any CPU.Build.0 = Debug|Any CPU
		{DC5CD8FF-42C5-4B61-858D-0343234A1388}.Release|Any CPU.ActiveCfg = Release|Any CPU
		{DC5CD8FF-42C5-4B61-858D-0343234A1388}.Release|Any CPU.Build.0 = Release|Any CPU
		{3B77E3D2-6342-48C5-9E99-ACEE95C3A97F}.Debug|Any CPU.ActiveCfg = Debug|Any CPU
		{3B77E3D2-6342-48C5-9E99-ACEE95C3A97F}.Debug|Any CPU.Build.0 = Debug|Any CPU
		{3B77E3D2-6342-48C5-9E99-ACEE95C3A97F}.Release|Any CPU.ActiveCfg = Release|Any CPU
		{3B77E3D2-6342-48C5-9E99-ACEE95C3A97F}.Release|Any CPU.Build.0 = Release|Any CPU
		{CD82C23C-C976-4E9D-A08A-ABC27F900B41}.Debug|Any CPU.ActiveCfg = Debug|Any CPU
		{CD82C23C-C976-4E9D-A08A-ABC27F900B41}.Debug|Any CPU.Build.0 = Debug|Any CPU
		{CD82C23C-C976-4E9D-A08A-ABC27F900B41}.Release|Any CPU.ActiveCfg = Release|Any CPU
		{CD82C23C-C976-4E9D-A08A-ABC27F900B41}.Release|Any CPU.Build.0 = Release|Any CPU
		{C69F38AC-4444-4145-BDC4-42ADFECEC1EB}.Debug|Any CPU.ActiveCfg = Debug|Any CPU
		{C69F38AC-4444-4145-BDC4-42ADFECEC1EB}.Debug|Any CPU.Build.0 = Debug|Any CPU
		{C69F38AC-4444-4145-BDC4-42ADFECEC1EB}.Release|Any CPU.ActiveCfg = Release|Any CPU
		{C69F38AC-4444-4145-BDC4-42ADFECEC1EB}.Release|Any CPU.Build.0 = Release|Any CPU
		{F81F3AD4-6C3B-4746-B8AE-36EE6DD5CEA5}.Debug|Any CPU.ActiveCfg = Debug|Any CPU
		{F81F3AD4-6C3B-4746-B8AE-36EE6DD5CEA5}.Debug|Any CPU.Build.0 = Debug|Any CPU
		{F81F3AD4-6C3B-4746-B8AE-36EE6DD5CEA5}.Release|Any CPU.ActiveCfg = Release|Any CPU
		{F81F3AD4-6C3B-4746-B8AE-36EE6DD5CEA5}.Release|Any CPU.Build.0 = Release|Any CPU
		{E04C071C-121E-4C19-B374-1CB8ABA0A7F7}.Debug|Any CPU.ActiveCfg = Debug|Any CPU
		{E04C071C-121E-4C19-B374-1CB8ABA0A7F7}.Debug|Any CPU.Build.0 = Debug|Any CPU
		{E04C071C-121E-4C19-B374-1CB8ABA0A7F7}.Release|Any CPU.ActiveCfg = Release|Any CPU
		{E04C071C-121E-4C19-B374-1CB8ABA0A7F7}.Release|Any CPU.Build.0 = Release|Any CPU
		{7667C337-BA1F-48FA-8496-0A7CBFFDBFCC}.Debug|Any CPU.ActiveCfg = Debug|Any CPU
		{7667C337-BA1F-48FA-8496-0A7CBFFDBFCC}.Debug|Any CPU.Build.0 = Debug|Any CPU
		{7667C337-BA1F-48FA-8496-0A7CBFFDBFCC}.Release|Any CPU.ActiveCfg = Release|Any CPU
		{7667C337-BA1F-48FA-8496-0A7CBFFDBFCC}.Release|Any CPU.Build.0 = Release|Any CPU
		{0DC1B1C1-CCB8-4737-A507-C4CB97B01899}.Debug|Any CPU.ActiveCfg = Debug|Any CPU
		{0DC1B1C1-CCB8-4737-A507-C4CB97B01899}.Debug|Any CPU.Build.0 = Debug|Any CPU
		{0DC1B1C1-CCB8-4737-A507-C4CB97B01899}.Release|Any CPU.ActiveCfg = Release|Any CPU
		{0DC1B1C1-CCB8-4737-A507-C4CB97B01899}.Release|Any CPU.Build.0 = Release|Any CPU
		{18D9BB47-ACDE-4239-BAAE-0C27D4712116}.Debug|Any CPU.ActiveCfg = Debug|Any CPU
		{18D9BB47-ACDE-4239-BAAE-0C27D4712116}.Debug|Any CPU.Build.0 = Debug|Any CPU
		{18D9BB47-ACDE-4239-BAAE-0C27D4712116}.Release|Any CPU.ActiveCfg = Release|Any CPU
		{18D9BB47-ACDE-4239-BAAE-0C27D4712116}.Release|Any CPU.Build.0 = Release|Any CPU
		{CBA750DB-7418-4319-BFF8-54BB324FD111}.Debug|Any CPU.ActiveCfg = Debug|Any CPU
		{CBA750DB-7418-4319-BFF8-54BB324FD111}.Debug|Any CPU.Build.0 = Debug|Any CPU
		{CBA750DB-7418-4319-BFF8-54BB324FD111}.Release|Any CPU.ActiveCfg = Release|Any CPU
		{CBA750DB-7418-4319-BFF8-54BB324FD111}.Release|Any CPU.Build.0 = Release|Any CPU
		{811A7A89-788E-4D3C-B561-A734E94EC0DF}.Debug|Any CPU.ActiveCfg = Debug|Any CPU
		{811A7A89-788E-4D3C-B561-A734E94EC0DF}.Debug|Any CPU.Build.0 = Debug|Any CPU
		{811A7A89-788E-4D3C-B561-A734E94EC0DF}.Release|Any CPU.ActiveCfg = Release|Any CPU
		{811A7A89-788E-4D3C-B561-A734E94EC0DF}.Release|Any CPU.Build.0 = Release|Any CPU
		{0AB12528-A26B-4D41-A24F-B0DEE4AB676B}.Debug|Any CPU.ActiveCfg = Debug|Any CPU
		{0AB12528-A26B-4D41-A24F-B0DEE4AB676B}.Debug|Any CPU.Build.0 = Debug|Any CPU
		{0AB12528-A26B-4D41-A24F-B0DEE4AB676B}.Release|Any CPU.ActiveCfg = Release|Any CPU
		{0AB12528-A26B-4D41-A24F-B0DEE4AB676B}.Release|Any CPU.Build.0 = Release|Any CPU
		{72020EB8-BC7A-4A89-86F7-E731B808B344}.Debug|Any CPU.ActiveCfg = Debug|Any CPU
		{72020EB8-BC7A-4A89-86F7-E731B808B344}.Debug|Any CPU.Build.0 = Debug|Any CPU
		{72020EB8-BC7A-4A89-86F7-E731B808B344}.Release|Any CPU.ActiveCfg = Release|Any CPU
		{72020EB8-BC7A-4A89-86F7-E731B808B344}.Release|Any CPU.Build.0 = Release|Any CPU
		{393FF757-F840-4205-B983-6788698C499B}.Debug|Any CPU.ActiveCfg = Debug|Any CPU
		{393FF757-F840-4205-B983-6788698C499B}.Debug|Any CPU.Build.0 = Debug|Any CPU
		{393FF757-F840-4205-B983-6788698C499B}.Release|Any CPU.ActiveCfg = Release|Any CPU
		{393FF757-F840-4205-B983-6788698C499B}.Release|Any CPU.Build.0 = Release|Any CPU
	EndGlobalSection
	GlobalSection(SolutionProperties) = preSolution
		HideSolutionNode = FALSE
	EndGlobalSection
	GlobalSection(NestedProjects) = preSolution
		{FA65C896-528E-4A87-9B16-8C01D4242C8F} = {FCC68C86-4BEA-44B3-B649-0267C25F90C2}
		{178B4C07-961E-4CAF-8C83-FF6188923E7B} = {EBE6DDC6-E2C8-4A6B-8D51-EFC2A0FE504F}
		{E6E7F026-C24D-4B25-81FE-290BDA3D4AEB} = {EBE6DDC6-E2C8-4A6B-8D51-EFC2A0FE504F}
		{C4065D50-E57F-4A43-8F72-57751619957B} = {EBE6DDC6-E2C8-4A6B-8D51-EFC2A0FE504F}
		{0CDDB391-0A29-4850-9198-C529509DA64F} = {EBE6DDC6-E2C8-4A6B-8D51-EFC2A0FE504F}
		{2FF2ACA6-0723-4783-A466-B40156D6AC2A} = {EBE6DDC6-E2C8-4A6B-8D51-EFC2A0FE504F}
		{636E5325-AF9E-4C53-B14F-093638CE695D} = {EBE6DDC6-E2C8-4A6B-8D51-EFC2A0FE504F}
		{E34A0690-0C47-4CEA-8740-7DA4EAACAC21} = {EBE6DDC6-E2C8-4A6B-8D51-EFC2A0FE504F}
		{58A5C03B-9BEF-4CE5-866A-A8C069BA28AC} = {EBE6DDC6-E2C8-4A6B-8D51-EFC2A0FE504F}
		{625B75B9-9DEC-4BB5-9644-893375EDE46D} = {428BEECA-4AB9-461B-9E98-98667A9E9702}
		{C9B0F7D0-E636-42EC-909A-44F0565C735A} = {428BEECA-4AB9-461B-9E98-98667A9E9702}
		{DAA12975-5F3F-4B7F-870C-C95E36F21FD1} = {428BEECA-4AB9-461B-9E98-98667A9E9702}
		{EE34AC74-5A6C-4E9F-B0D3-F8F0613DD073} = {428BEECA-4AB9-461B-9E98-98667A9E9702}
		{21875FB0-5B25-45E6-834D-72B4949B49F6} = {428BEECA-4AB9-461B-9E98-98667A9E9702}
		{B3DE56DD-3EC4-4359-BDA2-2F3289699C8B} = {428BEECA-4AB9-461B-9E98-98667A9E9702}
		{CF3E6119-F1AD-4448-9299-EF968F422B25} = {428BEECA-4AB9-461B-9E98-98667A9E9702}
		{EBEDC52F-2DE6-45EB-9E37-805FC298A0ED} = {D44820F9-5C53-4DCE-90D1-DB4E9C38B098}
		{29407F91-D661-45D3-9EB8-9FF0F74B712F} = {D44820F9-5C53-4DCE-90D1-DB4E9C38B098}
		{CE3BFF6D-E027-4833-B8C3-28B0DB081390} = {D44820F9-5C53-4DCE-90D1-DB4E9C38B098}
		{EF396296-6E9D-48F1-8B74-B7918BA1389A} = {E3307AFA-BFA7-4728-947A-2F790DC40306}
		{B3ED24CA-1B2C-401B-ACB7-EBBEBA502E2F} = {E3307AFA-BFA7-4728-947A-2F790DC40306}
		{E3DE4096-AB0A-4E08-A95A-0E363F990F65} = {E3307AFA-BFA7-4728-947A-2F790DC40306}
		{1579A88B-4AEE-41A7-8646-DAFF80567A56} = {E3307AFA-BFA7-4728-947A-2F790DC40306}
		{DEF8C916-8445-4FA5-B18B-4AA0F3D0ECB0} = {E3307AFA-BFA7-4728-947A-2F790DC40306}
		{AF2B536B-9191-4B7F-A132-46A11502AC1E} = {E3307AFA-BFA7-4728-947A-2F790DC40306}
		{E1AC51DC-7074-45B4-BD2B-92343BC69411} = {E3307AFA-BFA7-4728-947A-2F790DC40306}
		{7DE5B98B-E6CF-4E1D-8CC3-D88D2B0F9454} = {D44820F9-5C53-4DCE-90D1-DB4E9C38B098}
		{74090ED2-64BC-45D4-9048-D561EA147A78} = {D44820F9-5C53-4DCE-90D1-DB4E9C38B098}
		{AD7EB035-BE84-44A0-91E8-D75D7517617D} = {D44820F9-5C53-4DCE-90D1-DB4E9C38B098}
		{153EAAEC-FEF8-4330-A0F9-8BF1D8577411} = {D44820F9-5C53-4DCE-90D1-DB4E9C38B098}
		{B0E5B50A-DF9A-4BF1-ACDC-F345CB0BC43F} = {D44820F9-5C53-4DCE-90D1-DB4E9C38B098}
		{9FC00D33-5582-491E-87DC-E2D7F1095144} = {D44820F9-5C53-4DCE-90D1-DB4E9C38B098}
		{46A137A3-7FE3-476D-B2C4-0ED113DB4378} = {D44820F9-5C53-4DCE-90D1-DB4E9C38B098}
		{D70179B9-FC65-4CE9-A31A-FA5822DA9DFF} = {D44820F9-5C53-4DCE-90D1-DB4E9C38B098}
		{6427C15D-18C9-4123-A289-B9BA75D32348} = {D44820F9-5C53-4DCE-90D1-DB4E9C38B098}
		{5C8089C4-5AEC-41BD-9C4F-B6CFBBEEE2B9} = {428BEECA-4AB9-461B-9E98-98667A9E9702}
		{DDD104A9-2320-4FEB-B2D7-3C275039581C} = {EBE6DDC6-E2C8-4A6B-8D51-EFC2A0FE504F}
		{211B7683-C357-42C7-9874-68632C38F686} = {428BEECA-4AB9-461B-9E98-98667A9E9702}
		{DC5CD8FF-42C5-4B61-858D-0343234A1388} = {E3307AFA-BFA7-4728-947A-2F790DC40306}
		{3B77E3D2-6342-48C5-9E99-ACEE95C3A97F} = {E3307AFA-BFA7-4728-947A-2F790DC40306}
		{CD82C23C-C976-4E9D-A08A-ABC27F900B41} = {D44820F9-5C53-4DCE-90D1-DB4E9C38B098}
		{C69F38AC-4444-4145-BDC4-42ADFECEC1EB} = {D44820F9-5C53-4DCE-90D1-DB4E9C38B098}
		{F81F3AD4-6C3B-4746-B8AE-36EE6DD5CEA5} = {E3307AFA-BFA7-4728-947A-2F790DC40306}
		{E04C071C-121E-4C19-B374-1CB8ABA0A7F7} = {428BEECA-4AB9-461B-9E98-98667A9E9702}
		{7667C337-BA1F-48FA-8496-0A7CBFFDBFCC} = {428BEECA-4AB9-461B-9E98-98667A9E9702}
		{0DC1B1C1-CCB8-4737-A507-C4CB97B01899} = {E3307AFA-BFA7-4728-947A-2F790DC40306}
		{18D9BB47-ACDE-4239-BAAE-0C27D4712116} = {3096E093-C8D3-4397-9DED-38CDB68D8C76}
		{CBA750DB-7418-4319-BFF8-54BB324FD111} = {3096E093-C8D3-4397-9DED-38CDB68D8C76}
		{811A7A89-788E-4D3C-B561-A734E94EC0DF} = {3096E093-C8D3-4397-9DED-38CDB68D8C76}
		{0AB12528-A26B-4D41-A24F-B0DEE4AB676B} = {C8D5274F-AC00-46C7-1F8D-E88E81087A52}
		{72020EB8-BC7A-4A89-86F7-E731B808B344} = {C8D5274F-AC00-46C7-1F8D-E88E81087A52}
		{393FF757-F840-4205-B983-6788698C499B} = {9F8B164B-0F72-4D21-BC31-A80B08BA0D59}
	EndGlobalSection
	GlobalSection(ExtensibilityGlobals) = postSolution
		SolutionGuid = {2AC522DC-0F47-41FB-8B45-55EA18CA497B}
	EndGlobalSection
EndGlobal
